
Microsoft Visual Studio Solution File, Format Version 11.00
# Visual Studio 2010
Project("{FAE04EC0-301F-11D3-BF4B-00C04F79EFBC}") = "My_QQ", "My_QQ\My_QQ.csproj", "{D9070D86-31D9-4D1E-9437-2C6478BAEF6B}"
EndProject
Global
	GlobalSection(SolutionConfigurationPlatforms) = preSolution
		Debug|x86 = Debug|x86
		Release|x86 = Release|x86
	EndGlobalSection
	GlobalSection(ProjectConfigurationPlatforms) = postSolution
		{D9070D86-31D9-4D1E-9437-2C6478BAEF6B}.Debug|x86.ActiveCfg = Debug|x86
		{D9070D86-31D9-4D1E-9437-2C6478BAEF6B}.Debug|x86.Build.0 = Debug|x86
		{D9070D86-31D9-4D1E-9437-2C6478BAEF6B}.Release|x86.ActiveCfg = Release|x86
		{D9070D86-31D9-4D1E-9437-2C6478BAEF6B}.Release|x86.Build.0 = Release|x86
	EndGlobalSection
	GlobalSection(SolutionProperties) = preSolution
		HideSolutionNode = FALSE
	EndGlobalSection
EndGlobal
